// !$*UTF8*$!
{
	archiveVersion = 1;
	classes = {
	};
	objectVersion = 56;
	objects = {

/* Begin PBXBuildFile section */
		FD44345128EDD572001094D4 /* Assets.xcassets in Resources */ = {isa = PBXBuildFile; fileRef = FDC42D0228EDD051007C9BC8 /* Assets.xcassets */; };
		FD44345228EDD577001094D4 /* Preview Assets.xcassets in Resources */ = {isa = PBXBuildFile; fileRef = FDC42D0528EDD051007C9BC8 /* Preview Assets.xcassets */; };
		FD44345428EDD6CB001094D4 /* ProducerGallery.swift in Sources */ = {isa = PBXBuildFile; fileRef = FD44345328EDD6CB001094D4 /* ProducerGallery.swift */; };
		FD44345628EDD784001094D4 /* ProducerCard.swift in Sources */ = {isa = PBXBuildFile; fileRef = FD44345528EDD784001094D4 /* ProducerCard.swift */; };
		FD44345828EDD80B001094D4 /* Producer.swift in Sources */ = {isa = PBXBuildFile; fileRef = FD44345728EDD80B001094D4 /* Producer.swift */; };
		FD44345A28EDD8B9001094D4 /* Order.swift in Sources */ = {isa = PBXBuildFile; fileRef = FD44345928EDD8B9001094D4 /* Order.swift */; };
		FD44345C28EDDCD1001094D4 /* OrderList.swift in Sources */ = {isa = PBXBuildFile; fileRef = FD44345B28EDDCD1001094D4 /* OrderList.swift */; };
		FD44345E28EDE34C001094D4 /* ProducerDetail.swift in Sources */ = {isa = PBXBuildFile; fileRef = FD44345D28EDE34C001094D4 /* ProducerDetail.swift */; };
		FD44346028EDEF73001094D4 /* ProducerEditor.swift in Sources */ = {isa = PBXBuildFile; fileRef = FD44345F28EDEF73001094D4 /* ProducerEditor.swift */; };
		FD4F12CC28F034CC0002039D /* Model.swift in Sources */ = {isa = PBXBuildFile; fileRef = FD4F12CB28F034CC0002039D /* Model.swift */; };
		FD4F12CE28F03E0B0002039D /* ProducerMenu.swift in Sources */ = {isa = PBXBuildFile; fileRef = FD4F12CD28F03E0B0002039D /* ProducerMenu.swift */; };
		FD5CFBB428F2FCA0009D88FE /* ImagePicker.swift in Sources */ = {isa = PBXBuildFile; fileRef = FD5CFBB328F2FCA0009D88FE /* ImagePicker.swift */; };
		FD726E8828F0849A0079DBC3 /* Product.swift in Sources */ = {isa = PBXBuildFile; fileRef = FD726E8728F0849A0079DBC3 /* Product.swift */; };
		FD726E8A28F085BE0079DBC3 /* ProductCategory.swift in Sources */ = {isa = PBXBuildFile; fileRef = FD726E8928F085BE0079DBC3 /* ProductCategory.swift */; };
		FDB0B26428F5B86100228ABE /* User.swift in Sources */ = {isa = PBXBuildFile; fileRef = FDB0B26328F5B86100228ABE /* User.swift */; };
		FDC42CFF28EDD051007C9BC8 /* App.swift in Sources */ = {isa = PBXBuildFile; fileRef = FDC42CFE28EDD051007C9BC8 /* App.swift */; };
		FDC42D0128EDD051007C9BC8 /* ContentView.swift in Sources */ = {isa = PBXBuildFile; fileRef = FDC42D0028EDD051007C9BC8 /* ContentView.swift */; };
/* End PBXBuildFile section */

/* Begin PBXFileReference section */
		FD44345328EDD6CB001094D4 /* ProducerGallery.swift */ = {isa = PBXFileReference; lastKnownFileType = sourcecode.swift; path = ProducerGallery.swift; sourceTree = "<group>"; };
		FD44345528EDD784001094D4 /* ProducerCard.swift */ = {isa = PBXFileReference; lastKnownFileType = sourcecode.swift; path = ProducerCard.swift; sourceTree = "<group>"; };
		FD44345728EDD80B001094D4 /* Producer.swift */ = {isa = PBXFileReference; lastKnownFileType = sourcecode.swift; path = Producer.swift; sourceTree = "<group>"; };
		FD44345928EDD8B9001094D4 /* Order.swift */ = {isa = PBXFileReference; lastKnownFileType = sourcecode.swift; path = Order.swift; sourceTree = "<group>"; };
		FD44345B28EDDCD1001094D4 /* OrderList.swift */ = {isa = PBXFileReference; lastKnownFileType = sourcecode.swift; path = OrderList.swift; sourceTree = "<group>"; };
		FD44345D28EDE34C001094D4 /* ProducerDetail.swift */ = {isa = PBXFileReference; lastKnownFileType = sourcecode.swift; path = ProducerDetail.swift; sourceTree = "<group>"; };
		FD44345F28EDEF73001094D4 /* ProducerEditor.swift */ = {isa = PBXFileReference; lastKnownFileType = sourcecode.swift; path = ProducerEditor.swift; sourceTree = "<group>"; };
		FD4F12CB28F034CC0002039D /* Model.swift */ = {isa = PBXFileReference; lastKnownFileType = sourcecode.swift; path = Model.swift; sourceTree = "<group>"; };
		FD4F12CD28F03E0B0002039D /* ProducerMenu.swift */ = {isa = PBXFileReference; lastKnownFileType = sourcecode.swift; path = ProducerMenu.swift; sourceTree = "<group>"; };
		FD5CFBB328F2FCA0009D88FE /* ImagePicker.swift */ = {isa = PBXFileReference; lastKnownFileType = sourcecode.swift; path = ImagePicker.swift; sourceTree = "<group>"; };
		FD726E8728F0849A0079DBC3 /* Product.swift */ = {isa = PBXFileReference; lastKnownFileType = sourcecode.swift; path = Product.swift; sourceTree = "<group>"; };
		FD726E8928F085BE0079DBC3 /* ProductCategory.swift */ = {isa = PBXFileReference; lastKnownFileType = sourcecode.swift; path = ProductCategory.swift; sourceTree = "<group>"; };
		FDB0B26328F5B86100228ABE /* User.swift */ = {isa = PBXFileReference; lastKnownFileType = sourcecode.swift; path = User.swift; sourceTree = "<group>"; };
		FDC42CFB28EDD051007C9BC8 /* Epah.app */ = {isa = PBXFileReference; explicitFileType = wrapper.application; includeInIndex = 0; path = Epah.app; sourceTree = BUILT_PRODUCTS_DIR; };
		FDC42CFE28EDD051007C9BC8 /* App.swift */ = {isa = PBXFileReference; lastKnownFileType = sourcecode.swift; path = App.swift; sourceTree = "<group>"; };
		FDC42D0028EDD051007C9BC8 /* ContentView.swift */ = {isa = PBXFileReference; lastKnownFileType = sourcecode.swift; path = ContentView.swift; sourceTree = "<group>"; };
		FDC42D0228EDD051007C9BC8 /* Assets.xcassets */ = {isa = PBXFileReference; lastKnownFileType = folder.assetcatalog; path = Assets.xcassets; sourceTree = "<group>"; };
		FDC42D0528EDD051007C9BC8 /* Preview Assets.xcassets */ = {isa = PBXFileReference; lastKnownFileType = folder.assetcatalog; path = "Preview Assets.xcassets"; sourceTree = "<group>"; };
/* End PBXFileReference section */

/* Begin PBXFrameworksBuildPhase section */
		FDC42CF828EDD051007C9BC8 /* Frameworks */ = {
			isa = PBXFrameworksBuildPhase;
			buildActionMask = 2147483647;
			files = (
			);
			runOnlyForDeploymentPostprocessing = 0;
		};
/* End PBXFrameworksBuildPhase section */

/* Begin PBXGroup section */
		FD44344D28EDD496001094D4 /* Navigation */ = {
			isa = PBXGroup;
			children = (
				FDC42D0028EDD051007C9BC8 /* ContentView.swift */,
			);
			path = Navigation;
			sourceTree = "<group>";
		};
		FD44344E28EDD4A2001094D4 /* Model */ = {
			isa = PBXGroup;
			children = (
				FD4F12CB28F034CC0002039D /* Model.swift */,
				FD5CFBB328F2FCA0009D88FE /* ImagePicker.swift */,
			);
			path = Model;
			sourceTree = "<group>";
		};
		FD44344F28EDD4AF001094D4 /* Producer */ = {
			isa = PBXGroup;
			children = (
				FD44345728EDD80B001094D4 /* Producer.swift */,
				FD44345328EDD6CB001094D4 /* ProducerGallery.swift */,
				FD44345528EDD784001094D4 /* ProducerCard.swift */,
				FD44345D28EDE34C001094D4 /* ProducerDetail.swift */,
				FD44345F28EDEF73001094D4 /* ProducerEditor.swift */,
				FD4F12CD28F03E0B0002039D /* ProducerMenu.swift */,
			);
			path = Producer;
			sourceTree = "<group>";
		};
		FD44345028EDD4D8001094D4 /* Order */ = {
			isa = PBXGroup;
			children = (
				FD44345928EDD8B9001094D4 /* Order.swift */,
				FD44345B28EDDCD1001094D4 /* OrderList.swift */,
			);
			path = Order;
			sourceTree = "<group>";
		};
		FD726E8628F084790079DBC3 /* Product */ = {
			isa = PBXGroup;
			children = (
				FD726E8728F0849A0079DBC3 /* Product.swift */,
				FD726E8928F085BE0079DBC3 /* ProductCategory.swift */,
			);
			path = Product;
			sourceTree = "<group>";
		};
		FDB0B26228F5B85300228ABE /* User */ = {
			isa = PBXGroup;
			children = (
				FDB0B26328F5B86100228ABE /* User.swift */,
			);
			path = User;
			sourceTree = "<group>";
		};
		FDC42CF228EDD051007C9BC8 = {
			isa = PBXGroup;
			children = (
				FDC42CFD28EDD051007C9BC8 /* App */,
				FDC42CFC28EDD051007C9BC8 /* Products */,
			);
			sourceTree = "<group>";
		};
		FDC42CFC28EDD051007C9BC8 /* Products */ = {
			isa = PBXGroup;
			children = (
				FDC42CFB28EDD051007C9BC8 /* Epah.app */,
			);
			name = Products;
			sourceTree = "<group>";
		};
		FDC42CFD28EDD051007C9BC8 /* App */ = {
			isa = PBXGroup;
			children = (
				FDB0B26228F5B85300228ABE /* User */,
				FDC42CFE28EDD051007C9BC8 /* App.swift */,
				FD44345028EDD4D8001094D4 /* Order */,
				FD726E8628F084790079DBC3 /* Product */,
				FD44344F28EDD4AF001094D4 /* Producer */,
				FD44344D28EDD496001094D4 /* Navigation */,
				FD44344E28EDD4A2001094D4 /* Model */,
				FDC42D0228EDD051007C9BC8 /* Assets.xcassets */,
				FDC42D0428EDD051007C9BC8 /* Preview Content */,
			);
			path = App;
			sourceTree = "<group>";
		};
		FDC42D0428EDD051007C9BC8 /* Preview Content */ = {
			isa = PBXGroup;
			children = (
				FDC42D0528EDD051007C9BC8 /* Preview Assets.xcassets */,
			);
			path = "Preview Content";
			sourceTree = "<group>";
		};
/* End PBXGroup section */

/* Begin PBXNativeTarget section */
		FDC42CFA28EDD051007C9BC8 /* Epah */ = {
			isa = PBXNativeTarget;
			buildConfigurationList = FDC42D0928EDD051007C9BC8 /* Build configuration list for PBXNativeTarget "Epah" */;
			buildPhases = (
				FDC42CF728EDD051007C9BC8 /* Sources */,
				FDC42CF828EDD051007C9BC8 /* Frameworks */,
				FDC42CF928EDD051007C9BC8 /* Resources */,
			);
			buildRules = (
			);
			dependencies = (
			);
			name = Epah;
			productName = Epah;
			productReference = FDC42CFB28EDD051007C9BC8 /* Epah.app */;
			productType = "com.apple.product-type.application";
		};
/* End PBXNativeTarget section */

/* Begin PBXProject section */
		FDC42CF328EDD051007C9BC8 /* Project object */ = {
			isa = PBXProject;
			attributes = {
				BuildIndependentTargetsInParallel = 1;
				LastSwiftUpdateCheck = 1400;
				LastUpgradeCheck = 1400;
				TargetAttributes = {
					FDC42CFA28EDD051007C9BC8 = {
						CreatedOnToolsVersion = 14.0.1;
					};
				};
			};
			buildConfigurationList = FDC42CF628EDD051007C9BC8 /* Build configuration list for PBXProject "Epah" */;
			compatibilityVersion = "Xcode 14.0";
			developmentRegion = en;
			hasScannedForEncodings = 0;
			knownRegions = (
				en,
				Base,
			);
			mainGroup = FDC42CF228EDD051007C9BC8;
			productRefGroup = FDC42CFC28EDD051007C9BC8 /* Products */;
			projectDirPath = "";
			projectRoot = "";
			targets = (
				FDC42CFA28EDD051007C9BC8 /* Epah */,
			);
		};
/* End PBXProject section */

/* Begin PBXResourcesBuildPhase section */
		FDC42CF928EDD051007C9BC8 /* Resources */ = {
			isa = PBXResourcesBuildPhase;
			buildActionMask = 2147483647;
			files = (
				FD44345228EDD577001094D4 /* Preview Assets.xcassets in Resources */,
				FD44345128EDD572001094D4 /* Assets.xcassets in Resources */,
			);
			runOnlyForDeploymentPostprocessing = 0;
		};
/* End PBXResourcesBuildPhase section */

/* Begin PBXSourcesBuildPhase section */
		FDC42CF728EDD051007C9BC8 /* Sources */ = {
			isa = PBXSourcesBuildPhase;
			buildActionMask = 2147483647;
			files = (
				FD44345A28EDD8B9001094D4 /* Order.swift in Sources */,
				FD44346028EDEF73001094D4 /* ProducerEditor.swift in Sources */,
				FD44345C28EDDCD1001094D4 /* OrderList.swift in Sources */,
				FD5CFBB428F2FCA0009D88FE /* ImagePicker.swift in Sources */,
				FDC42D0128EDD051007C9BC8 /* ContentView.swift in Sources */,
				FDC42CFF28EDD051007C9BC8 /* App.swift in Sources */,
				FD726E8A28F085BE0079DBC3 /* ProductCategory.swift in Sources */,
				FD726E8828F0849A0079DBC3 /* Product.swift in Sources */,
				FDB0B26428F5B86100228ABE /* User.swift in Sources */,
				FD4F12CC28F034CC0002039D /* Model.swift in Sources */,
				FD44345828EDD80B001094D4 /* Producer.swift in Sources */,
				FD44345428EDD6CB001094D4 /* ProducerGallery.swift in Sources */,
				FD4F12CE28F03E0B0002039D /* ProducerMenu.swift in Sources */,
				FD44345E28EDE34C001094D4 /* ProducerDetail.swift in Sources */,
				FD44345628EDD784001094D4 /* ProducerCard.swift in Sources */,
			);
			runOnlyForDeploymentPostprocessing = 0;
		};
/* End PBXSourcesBuildPhase section */

/* Begin XCBuildConfiguration section */
		FDC42D0728EDD051007C9BC8 /* Debug */ = {
			isa = XCBuildConfiguration;
			buildSettings = {
				ALWAYS_SEARCH_USER_PATHS = NO;
				CLANG_ANALYZER_NONNULL = YES;
				CLANG_ANALYZER_NUMBER_OBJECT_CONVERSION = YES_AGGRESSIVE;
				CLANG_CXX_LANGUAGE_STANDARD = "gnu++20";
				CLANG_ENABLE_MODULES = YES;
				CLANG_ENABLE_OBJC_ARC = YES;
				CLANG_ENABLE_OBJC_WEAK = YES;
				CLANG_WARN_BLOCK_CAPTURE_AUTORELEASING = YES;
				CLANG_WARN_BOOL_CONVERSION = YES;
				CLANG_WARN_COMMA = YES;
				CLANG_WARN_CONSTANT_CONVERSION = YES;
				CLANG_WARN_DEPRECATED_OBJC_IMPLEMENTATIONS = YES;
				CLANG_WARN_DIRECT_OBJC_ISA_USAGE = YES_ERROR;
				CLANG_WARN_DOCUMENTATION_COMMENTS = YES;
				CLANG_WARN_EMPTY_BODY = YES;
				CLANG_WARN_ENUM_CONVERSION = YES;
				CLANG_WARN_INFINITE_RECURSION = YES;
				CLANG_WARN_INT_CONVERSION = YES;
				CLANG_WARN_NON_LITERAL_NULL_CONVERSION = YES;
				CLANG_WARN_OBJC_IMPLICIT_RETAIN_SELF = YES;
				CLANG_WARN_OBJC_LITERAL_CONVERSION = YES;
				CLANG_WARN_OBJC_ROOT_CLASS = YES_ERROR;
				CLANG_WARN_QUOTED_INCLUDE_IN_FRAMEWORK_HEADER = YES;
				CLANG_WARN_RANGE_LOOP_ANALYSIS = YES;
				CLANG_WARN_STRICT_PROTOTYPES = YES;
				CLANG_WARN_SUSPICIOUS_MOVE = YES;
				CLANG_WARN_UNGUARDED_AVAILABILITY = YES_AGGRESSIVE;
				CLANG_WARN_UNREACHABLE_CODE = YES;
				CLANG_WARN__DUPLICATE_METHOD_MATCH = YES;
				COPY_PHASE_STRIP = NO;
				DEBUG_INFORMATION_FORMAT = dwarf;
				ENABLE_STRICT_OBJC_MSGSEND = YES;
				ENABLE_TESTABILITY = YES;
				GCC_C_LANGUAGE_STANDARD = gnu11;
				GCC_DYNAMIC_NO_PIC = NO;
				GCC_NO_COMMON_BLOCKS = YES;
				GCC_OPTIMIZATION_LEVEL = 0;
				GCC_PREPROCESSOR_DEFINITIONS = (
					"DEBUG=1",
					"$(inherited)",
				);
				GCC_WARN_64_TO_32_BIT_CONVERSION = YES;
				GCC_WARN_ABOUT_RETURN_TYPE = YES_ERROR;
				GCC_WARN_UNDECLARED_SELECTOR = YES;
				GCC_WARN_UNINITIALIZED_AUTOS = YES_AGGRESSIVE;
				GCC_WARN_UNUSED_FUNCTION = YES;
				GCC_WARN_UNUSED_VARIABLE = YES;
				IPHONEOS_DEPLOYMENT_TARGET = 16.0;
				MTL_ENABLE_DEBUG_INFO = INCLUDE_SOURCE;
				MTL_FAST_MATH = YES;
				ONLY_ACTIVE_ARCH = YES;
				SDKROOT = iphoneos;
				SWIFT_ACTIVE_COMPILATION_CONDITIONS = DEBUG;
				SWIFT_OPTIMIZATION_LEVEL = "-Onone";
			};
			name = Debug;
		};
		FDC42D0828EDD051007C9BC8 /* Release */ = {
			isa = XCBuildConfiguration;
			buildSettings = {
				ALWAYS_SEARCH_USER_PATHS = NO;
				CLANG_ANALYZER_NONNULL = YES;
				CLANG_ANALYZER_NUMBER_OBJECT_CONVERSION = YES_AGGRESSIVE;
				CLANG_CXX_LANGUAGE_STANDARD = "gnu++20";
				CLANG_ENABLE_MODULES = YES;
				CLANG_ENABLE_OBJC_ARC = YES;
				CLANG_ENABLE_OBJC_WEAK = YES;
				CLANG_WARN_BLOCK_CAPTURE_AUTORELEASING = YES;
				CLANG_WARN_BOOL_CONVERSION = YES;
				CLANG_WARN_COMMA = YES;
				CLANG_WARN_CONSTANT_CONVERSION = YES;
				CLANG_WARN_DEPRECATED_OBJC_IMPLEMENTATIONS = YES;
				CLANG_WARN_DIRECT_OBJC_ISA_USAGE = YES_ERROR;
				CLANG_WARN_DOCUMENTATION_COMMENTS = YES;
				CLANG_WARN_EMPTY_BODY = YES;
				CLANG_WARN_ENUM_CONVERSION = YES;
				CLANG_WARN_INFINITE_RECURSION = YES;
				CLANG_WARN_INT_CONVERSION = YES;
				CLANG_WARN_NON_LITERAL_NULL_CONVERSION = YES;
				CLANG_WARN_OBJC_IMPLICIT_RETAIN_SELF = YES;
				CLANG_WARN_OBJC_LITERAL_CONVERSION = YES;
				CLANG_WARN_OBJC_ROOT_CLASS = YES_ERROR;
				CLANG_WARN_QUOTED_INCLUDE_IN_FRAMEWORK_HEADER = YES;
				CLANG_WARN_RANGE_LOOP_ANALYSIS = YES;
				CLANG_WARN_STRICT_PROTOTYPES = YES;
				CLANG_WARN_SUSPICIOUS_MOVE = YES;
				CLANG_WARN_UNGUARDED_AVAILABILITY = YES_AGGRESSIVE;
				CLANG_WARN_UNREACHABLE_CODE = YES;
				CLANG_WARN__DUPLICATE_METHOD_MATCH = YES;
				COPY_PHASE_STRIP = NO;
				DEBUG_INFORMATION_FORMAT = "dwarf-with-dsym";
				ENABLE_NS_ASSERTIONS = NO;
				ENABLE_STRICT_OBJC_MSGSEND = YES;
				GCC_C_LANGUAGE_STANDARD = gnu11;
				GCC_NO_COMMON_BLOCKS = YES;
				GCC_WARN_64_TO_32_BIT_CONVERSION = YES;
				GCC_WARN_ABOUT_RETURN_TYPE = YES_ERROR;
				GCC_WARN_UNDECLARED_SELECTOR = YES;
				GCC_WARN_UNINITIALIZED_AUTOS = YES_AGGRESSIVE;
				GCC_WARN_UNUSED_FUNCTION = YES;
				GCC_WARN_UNUSED_VARIABLE = YES;
				IPHONEOS_DEPLOYMENT_TARGET = 16.0;
				MTL_ENABLE_DEBUG_INFO = NO;
				MTL_FAST_MATH = YES;
				SDKROOT = iphoneos;
				SWIFT_COMPILATION_MODE = wholemodule;
				SWIFT_OPTIMIZATION_LEVEL = "-O";
				VALIDATE_PRODUCT = YES;
			};
			name = Release;
		};
		FDC42D0A28EDD051007C9BC8 /* Debug */ = {
			isa = XCBuildConfiguration;
			buildSettings = {
				ASSETCATALOG_COMPILER_APPICON_NAME = AppIcon;
				ASSETCATALOG_COMPILER_GLOBAL_ACCENT_COLOR_NAME = AccentColor;
				ASSETCATALOG_COMPILER_INCLUDE_ALL_APPICON_ASSETS = YES;
				CODE_SIGN_STYLE = Automatic;
				CURRENT_PROJECT_VERSION = 1;
				DEVELOPMENT_ASSET_PATHS = "App/Preview\\ Content/Preview\\ Assets.xcassets";
				DEVELOPMENT_TEAM = 8553HCWBNA;
				ENABLE_PREVIEWS = YES;
				GENERATE_INFOPLIST_FILE = YES;
				INFOPLIST_KEY_CFBundleDisplayName = Epah;
				INFOPLIST_KEY_NSCalendarsUsageDescription = "We need access to pick an image from Library";
				INFOPLIST_KEY_UIApplicationSceneManifest_Generation = YES;
				INFOPLIST_KEY_UIApplicationSupportsIndirectInputEvents = YES;
				INFOPLIST_KEY_UILaunchScreen_Generation = YES;
				INFOPLIST_KEY_UISupportedInterfaceOrientations = UIInterfaceOrientationPortrait;
				INFOPLIST_KEY_UISupportedInterfaceOrientations_iPad = "UIInterfaceOrientationLandscapeLeft UIInterfaceOrientationLandscapeRight UIInterfaceOrientationPortrait UIInterfaceOrientationPortraitUpsideDown";
				IPHONEOS_DEPLOYMENT_TARGET = 16.0;
				LD_RUNPATH_SEARCH_PATHS = (
					"$(inherited)",
					"@executable_path/Frameworks",
				);
				MARKETING_VERSION = 1.0;
				PRODUCT_BUNDLE_IDENTIFIER = epah.Epah;
				PRODUCT_NAME = "$(TARGET_NAME)";
				SWIFT_EMIT_LOC_STRINGS = YES;
				SWIFT_VERSION = 5.0;
				TARGETED_DEVICE_FAMILY = "1,2";
			};
			name = Debug;
		};
		FDC42D0B28EDD051007C9BC8 /* Release */ = {
			isa = XCBuildConfiguration;
			buildSettings = {
				ASSETCATALOG_COMPILER_APPICON_NAME = AppIcon;
				ASSETCATALOG_COMPILER_GLOBAL_ACCENT_COLOR_NAME = AccentColor;
				ASSETCATALOG_COMPILER_INCLUDE_ALL_APPICON_ASSETS = YES;
				CODE_SIGN_STYLE = Automatic;
				CURRENT_PROJECT_VERSION = 1;
				DEVELOPMENT_ASSET_PATHS = "App/Preview\\ Content/Preview\\ Assets.xcassets";
				DEVELOPMENT_TEAM = 8553HCWBNA;
				ENABLE_PREVIEWS = YES;
				GENERATE_INFOPLIST_FILE = YES;
				INFOPLIST_KEY_CFBundleDisplayName = Epah;
				INFOPLIST_KEY_NSCalendarsUsageDescription = "We need access to pick an image from Library";
				INFOPLIST_KEY_UIApplicationSceneManifest_Generation = YES;
				INFOPLIST_KEY_UIApplicationSupportsIndirectInputEvents = YES;
				INFOPLIST_KEY_UILaunchScreen_Generation = YES;
				INFOPLIST_KEY_UISupportedInterfaceOrientations = UIInterfaceOrientationPortrait;
				INFOPLIST_KEY_UISupportedInterfaceOrientations_iPad = "UIInterfaceOrientationLandscapeLeft UIInterfaceOrientationLandscapeRight UIInterfaceOrientationPortrait UIInterfaceOrientationPortraitUpsideDown";
				IPHONEOS_DEPLOYMENT_TARGET = 16.0;
				LD_RUNPATH_SEARCH_PATHS = (
					"$(inherited)",
					"@executable_path/Frameworks",
				);
				MARKETING_VERSION = 1.0;
				PRODUCT_BUNDLE_IDENTIFIER = epah.Epah;
				PRODUCT_NAME = "$(TARGET_NAME)";
				SWIFT_EMIT_LOC_STRINGS = YES;
				SWIFT_VERSION = 5.0;
				TARGETED_DEVICE_FAMILY = "1,2";
			};
			name = Release;
		};
/* End XCBuildConfiguration section */

/* Begin XCConfigurationList section */
		FDC42CF628EDD051007C9BC8 /* Build configuration list for PBXProject "Epah" */ = {
			isa = XCConfigurationList;
			buildConfigurations = (
				FDC42D0728EDD051007C9BC8 /* Debug */,
				FDC42D0828EDD051007C9BC8 /* Release */,
			);
			defaultConfigurationIsVisible = 0;
			defaultConfigurationName = Release;
		};
		FDC42D0928EDD051007C9BC8 /* Build configuration list for PBXNativeTarget "Epah" */ = {
			isa = XCConfigurationList;
			buildConfigurations = (
				FDC42D0A28EDD051007C9BC8 /* Debug */,
				FDC42D0B28EDD051007C9BC8 /* Release */,
			);
			defaultConfigurationIsVisible = 0;
			defaultConfigurationName = Release;
		};
/* End XCConfigurationList section */
	};
	rootObject = FDC42CF328EDD051007C9BC8 /* Project object */;
}
